
Microsoft Visual Studio Solution File, Format Version 12.00
# Visual Studio 15
VisualStudioVersion = 15.0.26730.16
MinimumVisualStudioVersion = 10.0.40219.1
Project("{FAE04EC0-301F-11D3-BF4B-00C04F79EFBC}") = "WopiCobaltHost", "WopiCobaltHost\WopiCobaltHost.csproj", "{046F8FB2-AF38-45CB-AA33-03B4D2CF56F2}"
EndProject
Project("{FAE04EC0-301F-11D3-BF4B-00C04F79EFBC}") = "DocsFileService", "DocsFileService\DocsFileService.csproj", "{EFD27C37-E964-46F3-97F6-F26A1399A8E3}"
EndProject
Global
	GlobalSection(SolutionConfigurationPlatforms) = preSolution
		Debug|Any CPU = Debug|Any CPU
		Release|Any CPU = Release|Any CPU
	EndGlobalSection
	GlobalSection(ProjectConfigurationPlatforms) = postSolution
		{046F8FB2-AF38-45CB-AA33-03B4D2CF56F2}.Debug|Any CPU.ActiveCfg = Debug|Any CPU
		{046F8FB2-AF38-45CB-AA33-03B4D2CF56F2}.Debug|Any CPU.Build.0 = Debug|Any CPU
		{046F8FB2-AF38-45CB-AA33-03B4D2CF56F2}.Release|Any CPU.ActiveCfg = Release|Any CPU
		{046F8FB2-AF38-45CB-AA33-03B4D2CF56F2}.Release|Any CPU.Build.0 = Release|Any CPU
		{EFD27C37-E964-46F3-97F6-F26A1399A8E3}.Debug|Any CPU.ActiveCfg = Debug|Any CPU
		{EFD27C37-E964-46F3-97F6-F26A1399A8E3}.Debug|Any CPU.Build.0 = Debug|Any CPU
		{EFD27C37-E964-46F3-97F6-F26A1399A8E3}.Release|Any CPU.ActiveCfg = Release|Any CPU
		{EFD27C37-E964-46F3-97F6-F26A1399A8E3}.Release|Any CPU.Build.0 = Release|Any CPU
	EndGlobalSection
	GlobalSection(SolutionProperties) = preSolution
		HideSolutionNode = FALSE
	EndGlobalSection
	GlobalSection(ExtensibilityGlobals) = postSolution
		SolutionGuid = {8C49B277-188C-42BF-93C0-1C8B76D8F681}
	EndGlobalSection
EndGlobal
